// !$*UTF8*$!
{
	archiveVersion = 1;
	classes = {
	};
	objectVersion = 46;
	objects = {

/* Begin PBXBuildFile section */
		5005A1C11DD4A859006FBDD6 /* Utils.swift in Sources */ = {isa = PBXBuildFile; fileRef = 5005A1C01DD4A859006FBDD6 /* Utils.swift */; };
		5005A1C41DD4BFF2006FBDD6 /* PlayerBulletController.swift in Sources */ = {isa = PBXBuildFile; fileRef = 5005A1C31DD4BFF2006FBDD6 /* PlayerBulletController.swift */; };
		5025E4811DDAD0EC00D2CA0E /* PlayerMultipleBulletsController.swift in Sources */ = {isa = PBXBuildFile; fileRef = 5025E4801DDAD0EC00D2CA0E /* PlayerMultipleBulletsController.swift */; };
		5045DBFA1DCE5ABE00AAB5CE /* GameScene.sks in Resources */ = {isa = PBXBuildFile; fileRef = 5045DBF91DCE5ABE00AAB5CE /* GameScene.sks */; };
		504AA3221DD61F4D006C337E /* Fire.sks in Resources */ = {isa = PBXBuildFile; fileRef = 504AA3211DD61F4D006C337E /* Fire.sks */; };
		504AA3241DD624B8006C337E /* ExplosionController.swift in Sources */ = {isa = PBXBuildFile; fileRef = 504AA3231DD624B8006C337E /* ExplosionController.swift */; };
		504BE2F51DD5699800D8BD3E /* EnemyDiagonalBulletController.swift in Sources */ = {isa = PBXBuildFile; fileRef = 504BE2F41DD5699800D8BD3E /* EnemyDiagonalBulletController.swift */; };
		504BE2F81DD5757300D8BD3E /* View.swift in Sources */ = {isa = PBXBuildFile; fileRef = 504BE2F71DD5757300D8BD3E /* View.swift */; };
		504BE2FA1DD579A700D8BD3E /* PlayerController.swift in Sources */ = {isa = PBXBuildFile; fileRef = 504BE2F91DD579A700D8BD3E /* PlayerController.swift */; };
		504BE2FC1DD579E600D8BD3E /* PlaneController.swift in Sources */ = {isa = PBXBuildFile; fileRef = 504BE2FB1DD579E600D8BD3E /* PlaneController.swift */; };
		504BE2FE1DD5824800D8BD3E /* EnemyController.swift in Sources */ = {isa = PBXBuildFile; fileRef = 504BE2FD1DD5824800D8BD3E /* EnemyController.swift */; };
		50568B091DDF78A000B05510 /* Flyable.swift in Sources */ = {isa = PBXBuildFile; fileRef = 50568B081DDF78A000B05510 /* Flyable.swift */; };
		50568B0B1DDF78BC00B05510 /* Shootable.swift in Sources */ = {isa = PBXBuildFile; fileRef = 50568B0A1DDF78BC00B05510 /* Shootable.swift */; };
		50568B0D1DDF790300B05510 /* Configurable.swift in Sources */ = {isa = PBXBuildFile; fileRef = 50568B0C1DDF790300B05510 /* Configurable.swift */; };
		50568B111DDF7F2000B05510 /* Animated.swift in Sources */ = {isa = PBXBuildFile; fileRef = 50568B101DDF7F2000B05510 /* Animated.swift */; };
		50568B141DDF8D5300B05510 /* LivesUpController.swift in Sources */ = {isa = PBXBuildFile; fileRef = 50568B131DDF8D5300B05510 /* LivesUpController.swift */; };
		50568B161DDF8F8300B05510 /* GiftPlaneController.swift in Sources */ = {isa = PBXBuildFile; fileRef = 50568B151DDF8F8300B05510 /* GiftPlaneController.swift */; };
		50568B181DE02A1300B05510 /* CanTargetPlayer.swift in Sources */ = {isa = PBXBuildFile; fileRef = 50568B171DE02A1200B05510 /* CanTargetPlayer.swift */; };
		505FF9BB1DD76E050008B13A /* Controller.swift in Sources */ = {isa = PBXBuildFile; fileRef = 505FF9BA1DD76E050008B13A /* Controller.swift */; };
		505FF9BE1DD780620008B13A /* SoundController.swift in Sources */ = {isa = PBXBuildFile; fileRef = 505FF9BD1DD780620008B13A /* SoundController.swift */; };
		506FF5871DD4C54200D1BA12 /* Constants.swift in Sources */ = {isa = PBXBuildFile; fileRef = 506FF5861DD4C54200D1BA12 /* Constants.swift */; };
		509A92E81DE0517200B803E6 /* background.mp3 in Resources */ = {isa = PBXBuildFile; fileRef = 509A92E71DE0517200B803E6 /* background.mp3 */; };
		50A2B54B1DDAA3990061B436 /* BoosterController.swift in Sources */ = {isa = PBXBuildFile; fileRef = 50A2B54A1DDAA3990061B436 /* BoosterController.swift */; };
		50A2B54D1DDAA47F0061B436 /* PowerupController.swift in Sources */ = {isa = PBXBuildFile; fileRef = 50A2B54C1DDAA47F0061B436 /* PowerupController.swift */; };
		50B097531DD8357E00BE16D5 /* OnContact.swift in Sources */ = {isa = PBXBuildFile; fileRef = 50B097521DD8357E00BE16D5 /* OnContact.swift */; };
		50B097551DD84F5100BE16D5 /* RandomEnemyGenerator.swift in Sources */ = {isa = PBXBuildFile; fileRef = 50B097541DD84F5000BE16D5 /* RandomEnemyGenerator.swift */; };
		50B20ED11DD22575000836C7 /* player_image in Resources */ = {isa = PBXBuildFile; fileRef = 50B20ED01DD22575000836C7 /* player_image */; };
		50D123D01DD71460000B423F /* EnemyDiagonalController.swift in Sources */ = {isa = PBXBuildFile; fileRef = 50D123CF1DD71460000B423F /* EnemyDiagonalController.swift */; };
		50D123D41DD7286A000B423F /* EnemyAnimatedController.swift in Sources */ = {isa = PBXBuildFile; fileRef = 50D123D31DD7286A000B423F /* EnemyAnimatedController.swift */; };
		50DFC6E71DCE5506008898B0 /* AppDelegate.swift in Sources */ = {isa = PBXBuildFile; fileRef = 50DFC6E61DCE5506008898B0 /* AppDelegate.swift */; };
		50DFC6ED1DCE5507008898B0 /* GameScene.swift in Sources */ = {isa = PBXBuildFile; fileRef = 50DFC6EC1DCE5507008898B0 /* GameScene.swift */; };
		50DFC6EF1DCE5507008898B0 /* GameViewController.swift in Sources */ = {isa = PBXBuildFile; fileRef = 50DFC6EE1DCE5507008898B0 /* GameViewController.swift */; };
		50DFC6F21DCE5508008898B0 /* Main.storyboard in Resources */ = {isa = PBXBuildFile; fileRef = 50DFC6F01DCE5508008898B0 /* Main.storyboard */; };
		50DFC6F41DCE5508008898B0 /* Assets.xcassets in Resources */ = {isa = PBXBuildFile; fileRef = 50DFC6F31DCE5508008898B0 /* Assets.xcassets */; };
		50DFC6F71DCE5508008898B0 /* LaunchScreen.storyboard in Resources */ = {isa = PBXBuildFile; fileRef = 50DFC6F51DCE5508008898B0 /* LaunchScreen.storyboard */; };
		50F585C21DD4E2BE00649E8C /* BulletController.swift in Sources */ = {isa = PBXBuildFile; fileRef = 50F585C11DD4E2BE00649E8C /* BulletController.swift */; };
		50F585C41DD4F01800649E8C /* EnemyBulletController.swift in Sources */ = {isa = PBXBuildFile; fileRef = 50F585C31DD4F01800649E8C /* EnemyBulletController.swift */; };
		50F585CA1DD4F56700649E8C /* GameoverScene.swift in Sources */ = {isa = PBXBuildFile; fileRef = 50F585C91DD4F56700649E8C /* GameoverScene.swift */; };
		50F585CC1DD4F97200649E8C /* GameoverScene.sks in Resources */ = {isa = PBXBuildFile; fileRef = 50F585CB1DD4F97200649E8C /* GameoverScene.sks */; };
/* End PBXBuildFile section */

/* Begin PBXFileReference section */
		5005A1C01DD4A859006FBDD6 /* Utils.swift */ = {isa = PBXFileReference; fileEncoding = 4; lastKnownFileType = sourcecode.swift; path = Utils.swift; sourceTree = "<group>"; };
		5005A1C31DD4BFF2006FBDD6 /* PlayerBulletController.swift */ = {isa = PBXFileReference; fileEncoding = 4; lastKnownFileType = sourcecode.swift; path = PlayerBulletController.swift; sourceTree = "<group>"; };
		5025E4801DDAD0EC00D2CA0E /* PlayerMultipleBulletsController.swift */ = {isa = PBXFileReference; fileEncoding = 4; lastKnownFileType = sourcecode.swift; path = PlayerMultipleBulletsController.swift; sourceTree = "<group>"; };
		5045DBF91DCE5ABE00AAB5CE /* GameScene.sks */ = {isa = PBXFileReference; lastKnownFileType = file.sks; path = GameScene.sks; sourceTree = "<group>"; };
		504AA3211DD61F4D006C337E /* Fire.sks */ = {isa = PBXFileReference; lastKnownFileType = file.sks; path = Fire.sks; sourceTree = "<group>"; };
		504AA3231DD624B8006C337E /* ExplosionController.swift */ = {isa = PBXFileReference; fileEncoding = 4; lastKnownFileType = sourcecode.swift; path = ExplosionController.swift; sourceTree = "<group>"; };
		504BE2F41DD5699800D8BD3E /* EnemyDiagonalBulletController.swift */ = {isa = PBXFileReference; fileEncoding = 4; lastKnownFileType = sourcecode.swift; path = EnemyDiagonalBulletController.swift; sourceTree = "<group>"; };
		504BE2F71DD5757300D8BD3E /* View.swift */ = {isa = PBXFileReference; fileEncoding = 4; lastKnownFileType = sourcecode.swift; path = View.swift; sourceTree = "<group>"; };
		504BE2F91DD579A700D8BD3E /* PlayerController.swift */ = {isa = PBXFileReference; fileEncoding = 4; lastKnownFileType = sourcecode.swift; path = PlayerController.swift; sourceTree = "<group>"; };
		504BE2FB1DD579E600D8BD3E /* PlaneController.swift */ = {isa = PBXFileReference; fileEncoding = 4; lastKnownFileType = sourcecode.swift; path = PlaneController.swift; sourceTree = "<group>"; };
		504BE2FD1DD5824800D8BD3E /* EnemyController.swift */ = {isa = PBXFileReference; fileEncoding = 4; lastKnownFileType = sourcecode.swift; path = EnemyController.swift; sourceTree = "<group>"; };
		50568B081DDF78A000B05510 /* Flyable.swift */ = {isa = PBXFileReference; fileEncoding = 4; lastKnownFileType = sourcecode.swift; path = Flyable.swift; sourceTree = "<group>"; };
		50568B0A1DDF78BC00B05510 /* Shootable.swift */ = {isa = PBXFileReference; fileEncoding = 4; lastKnownFileType = sourcecode.swift; path = Shootable.swift; sourceTree = "<group>"; };
		50568B0C1DDF790300B05510 /* Configurable.swift */ = {isa = PBXFileReference; fileEncoding = 4; lastKnownFileType = sourcecode.swift; path = Configurable.swift; sourceTree = "<group>"; };
		50568B101DDF7F2000B05510 /* Animated.swift */ = {isa = PBXFileReference; fileEncoding = 4; lastKnownFileType = sourcecode.swift; path = Animated.swift; sourceTree = "<group>"; };
		50568B131DDF8D5300B05510 /* LivesUpController.swift */ = {isa = PBXFileReference; fileEncoding = 4; lastKnownFileType = sourcecode.swift; path = LivesUpController.swift; sourceTree = "<group>"; };
		50568B151DDF8F8300B05510 /* GiftPlaneController.swift */ = {isa = PBXFileReference; fileEncoding = 4; lastKnownFileType = sourcecode.swift; path = GiftPlaneController.swift; sourceTree = "<group>"; };
		50568B171DE02A1200B05510 /* CanTargetPlayer.swift */ = {isa = PBXFileReference; fileEncoding = 4; lastKnownFileType = sourcecode.swift; path = CanTargetPlayer.swift; sourceTree = "<group>"; };
		505FF9BA1DD76E050008B13A /* Controller.swift */ = {isa = PBXFileReference; fileEncoding = 4; lastKnownFileType = sourcecode.swift; path = Controller.swift; sourceTree = "<group>"; };
		505FF9BD1DD780620008B13A /* SoundController.swift */ = {isa = PBXFileReference; fileEncoding = 4; lastKnownFileType = sourcecode.swift; path = SoundController.swift; sourceTree = "<group>"; };
		506FF5861DD4C54200D1BA12 /* Constants.swift */ = {isa = PBXFileReference; fileEncoding = 4; lastKnownFileType = sourcecode.swift; path = Constants.swift; sourceTree = "<group>"; };
		509A92E71DE0517200B803E6 /* background.mp3 */ = {isa = PBXFileReference; lastKnownFileType = audio.mp3; path = background.mp3; sourceTree = "<group>"; };
		50A2B54A1DDAA3990061B436 /* BoosterController.swift */ = {isa = PBXFileReference; fileEncoding = 4; lastKnownFileType = sourcecode.swift; path = BoosterController.swift; sourceTree = "<group>"; };
		50A2B54C1DDAA47F0061B436 /* PowerupController.swift */ = {isa = PBXFileReference; fileEncoding = 4; lastKnownFileType = sourcecode.swift; path = PowerupController.swift; sourceTree = "<group>"; };
		50B097521DD8357E00BE16D5 /* OnContact.swift */ = {isa = PBXFileReference; fileEncoding = 4; lastKnownFileType = sourcecode.swift; path = OnContact.swift; sourceTree = "<group>"; };
		50B097541DD84F5000BE16D5 /* RandomEnemyGenerator.swift */ = {isa = PBXFileReference; fileEncoding = 4; lastKnownFileType = sourcecode.swift; path = RandomEnemyGenerator.swift; sourceTree = "<group>"; };
		50B20ED01DD22575000836C7 /* player_image */ = {isa = PBXFileReference; lastKnownFileType = folder; path = player_image; sourceTree = "<group>"; };
		50D123CF1DD71460000B423F /* EnemyDiagonalController.swift */ = {isa = PBXFileReference; fileEncoding = 4; lastKnownFileType = sourcecode.swift; path = EnemyDiagonalController.swift; sourceTree = "<group>"; };
		50D123D31DD7286A000B423F /* EnemyAnimatedController.swift */ = {isa = PBXFileReference; fileEncoding = 4; lastKnownFileType = sourcecode.swift; path = EnemyAnimatedController.swift; sourceTree = "<group>"; };
		50DFC6E31DCE5506008898B0 /* Session1.app */ = {isa = PBXFileReference; explicitFileType = wrapper.application; includeInIndex = 0; path = Session1.app; sourceTree = BUILT_PRODUCTS_DIR; };
		50DFC6E61DCE5506008898B0 /* AppDelegate.swift */ = {isa = PBXFileReference; lastKnownFileType = sourcecode.swift; path = AppDelegate.swift; sourceTree = "<group>"; };
		50DFC6EC1DCE5507008898B0 /* GameScene.swift */ = {isa = PBXFileReference; lastKnownFileType = sourcecode.swift; path = GameScene.swift; sourceTree = "<group>"; };
		50DFC6EE1DCE5507008898B0 /* GameViewController.swift */ = {isa = PBXFileReference; lastKnownFileType = sourcecode.swift; path = GameViewController.swift; sourceTree = "<group>"; };
		50DFC6F11DCE5508008898B0 /* Base */ = {isa = PBXFileReference; lastKnownFileType = file.storyboard; name = Base; path = Base.lproj/Main.storyboard; sourceTree = "<group>"; };
		50DFC6F31DCE5508008898B0 /* Assets.xcassets */ = {isa = PBXFileReference; lastKnownFileType = folder.assetcatalog; path = Assets.xcassets; sourceTree = "<group>"; };
		50DFC6F61DCE5508008898B0 /* Base */ = {isa = PBXFileReference; lastKnownFileType = file.storyboard; name = Base; path = Base.lproj/LaunchScreen.storyboard; sourceTree = "<group>"; };
		50DFC6F81DCE5508008898B0 /* Info.plist */ = {isa = PBXFileReference; lastKnownFileType = text.plist.xml; path = Info.plist; sourceTree = "<group>"; };
		50F585C11DD4E2BE00649E8C /* BulletController.swift */ = {isa = PBXFileReference; fileEncoding = 4; lastKnownFileType = sourcecode.swift; path = BulletController.swift; sourceTree = "<group>"; };
		50F585C31DD4F01800649E8C /* EnemyBulletController.swift */ = {isa = PBXFileReference; fileEncoding = 4; lastKnownFileType = sourcecode.swift; path = EnemyBulletController.swift; sourceTree = "<group>"; };
		50F585C91DD4F56700649E8C /* GameoverScene.swift */ = {isa = PBXFileReference; fileEncoding = 4; lastKnownFileType = sourcecode.swift; path = GameoverScene.swift; sourceTree = "<group>"; };
		50F585CB1DD4F97200649E8C /* GameoverScene.sks */ = {isa = PBXFileReference; lastKnownFileType = file.sks; path = GameoverScene.sks; sourceTree = "<group>"; };
/* End PBXFileReference section */

/* Begin PBXFrameworksBuildPhase section */
		50DFC6E01DCE5505008898B0 /* Frameworks */ = {
			isa = PBXFrameworksBuildPhase;
			buildActionMask = 2147483647;
			files = (
			);
			runOnlyForDeploymentPostprocessing = 0;
		};
/* End PBXFrameworksBuildPhase section */

/* Begin PBXGroup section */
		5005A1C21DD4BF9B006FBDD6 /* Controllers */ = {
			isa = PBXGroup;
			children = (
				505FF9BA1DD76E050008B13A /* Controller.swift */,
				50568B0C1DDF790300B05510 /* Configurable.swift */,
				50568B081DDF78A000B05510 /* Flyable.swift */,
				50568B0A1DDF78BC00B05510 /* Shootable.swift */,
				50568B101DDF7F2000B05510 /* Animated.swift */,
				50568B171DE02A1200B05510 /* CanTargetPlayer.swift */,
				50A2B5491DDAA3540061B436 /* Booster Controllers */,
				505FF9BC1DD7803D0008B13A /* Sound Controller */,
				50D123D51DD72B18000B423F /* Explosion Controller */,
				50D123D21DD72829000B423F /* Plane Controllers */,
				50D123D11DD727FF000B423F /* Bullet Controllers */,
			);
			name = Controllers;
			sourceTree = "<group>";
		};
		5025E4821DDAD0F200D2CA0E /* Player Bullet Controllers */ = {
			isa = PBXGroup;
			children = (
				5005A1C31DD4BFF2006FBDD6 /* PlayerBulletController.swift */,
				5025E4801DDAD0EC00D2CA0E /* PlayerMultipleBulletsController.swift */,
			);
			name = "Player Bullet Controllers";
			sourceTree = "<group>";
		};
		5025E4831DDAD10B00D2CA0E /* Enemy Bullet Controllers */ = {
			isa = PBXGroup;
			children = (
				50F585C31DD4F01800649E8C /* EnemyBulletController.swift */,
				504BE2F41DD5699800D8BD3E /* EnemyDiagonalBulletController.swift */,
			);
			name = "Enemy Bullet Controllers";
			sourceTree = "<group>";
		};
		504BE2F61DD5755700D8BD3E /* Views */ = {
			isa = PBXGroup;
			children = (
				504BE2F71DD5757300D8BD3E /* View.swift */,
				504AA3211DD61F4D006C337E /* Fire.sks */,
				50B097521DD8357E00BE16D5 /* OnContact.swift */,
			);
			name = Views;
			sourceTree = "<group>";
		};
		50568B121DDF88F600B05510 /* Enemy Controllers */ = {
			isa = PBXGroup;
			children = (
				504BE2FD1DD5824800D8BD3E /* EnemyController.swift */,
				50D123CF1DD71460000B423F /* EnemyDiagonalController.swift */,
				50D123D31DD7286A000B423F /* EnemyAnimatedController.swift */,
				50B097541DD84F5000BE16D5 /* RandomEnemyGenerator.swift */,
				50568B151DDF8F8300B05510 /* GiftPlaneController.swift */,
			);
			name = "Enemy Controllers";
			sourceTree = "<group>";
		};
		505FF9BC1DD7803D0008B13A /* Sound Controller */ = {
			isa = PBXGroup;
			children = (
				505FF9BD1DD780620008B13A /* SoundController.swift */,
			);
			name = "Sound Controller";
			sourceTree = "<group>";
		};
		506FF5851DD4C52400D1BA12 /* Constants */ = {
			isa = PBXGroup;
			children = (
				506FF5861DD4C54200D1BA12 /* Constants.swift */,
			);
			name = Constants;
			sourceTree = "<group>";
		};
		50A2B5491DDAA3540061B436 /* Booster Controllers */ = {
			isa = PBXGroup;
			children = (
				50A2B54A1DDAA3990061B436 /* BoosterController.swift */,
				50A2B54C1DDAA47F0061B436 /* PowerupController.swift */,
				50568B131DDF8D5300B05510 /* LivesUpController.swift */,
			);
			name = "Booster Controllers";
			sourceTree = "<group>";
		};
		50D123D11DD727FF000B423F /* Bullet Controllers */ = {
			isa = PBXGroup;
			children = (
				50F585C11DD4E2BE00649E8C /* BulletController.swift */,
				5025E4821DDAD0F200D2CA0E /* Player Bullet Controllers */,
				5025E4831DDAD10B00D2CA0E /* Enemy Bullet Controllers */,
			);
			name = "Bullet Controllers";
			sourceTree = "<group>";
		};
		50D123D21DD72829000B423F /* Plane Controllers */ = {
			isa = PBXGroup;
			children = (
				504BE2FB1DD579E600D8BD3E /* PlaneController.swift */,
				504BE2F91DD579A700D8BD3E /* PlayerController.swift */,
				50568B121DDF88F600B05510 /* Enemy Controllers */,
			);
			name = "Plane Controllers";
			sourceTree = "<group>";
		};
		50D123D51DD72B18000B423F /* Explosion Controller */ = {
			isa = PBXGroup;
			children = (
				504AA3231DD624B8006C337E /* ExplosionController.swift */,
			);
			name = "Explosion Controller";
			sourceTree = "<group>";
		};
		50DFC6DA1DCE5505008898B0 = {
			isa = PBXGroup;
			children = (
				50DFC6E51DCE5506008898B0 /* Session1 */,
				50DFC6E41DCE5506008898B0 /* Products */,
			);
			sourceTree = "<group>";
		};
		50DFC6E41DCE5506008898B0 /* Products */ = {
			isa = PBXGroup;
			children = (
				50DFC6E31DCE5506008898B0 /* Session1.app */,
			);
			name = Products;
			sourceTree = "<group>";
		};
		50DFC6E51DCE5506008898B0 /* Session1 */ = {
			isa = PBXGroup;
			children = (
				509A92E71DE0517200B803E6 /* background.mp3 */,
				504BE2F61DD5755700D8BD3E /* Views */,
				506FF5851DD4C52400D1BA12 /* Constants */,
				5005A1C21DD4BF9B006FBDD6 /* Controllers */,
				50DFC6E61DCE5506008898B0 /* AppDelegate.swift */,
				50DFC6EC1DCE5507008898B0 /* GameScene.swift */,
				50F585C91DD4F56700649E8C /* GameoverScene.swift */,
				50F585CB1DD4F97200649E8C /* GameoverScene.sks */,
				5005A1C01DD4A859006FBDD6 /* Utils.swift */,
				5045DBF91DCE5ABE00AAB5CE /* GameScene.sks */,
				50DFC6EE1DCE5507008898B0 /* GameViewController.swift */,
				50DFC6F01DCE5508008898B0 /* Main.storyboard */,
				50DFC6F31DCE5508008898B0 /* Assets.xcassets */,
				50DFC6F51DCE5508008898B0 /* LaunchScreen.storyboard */,
				50DFC6F81DCE5508008898B0 /* Info.plist */,
				50B20ED01DD22575000836C7 /* player_image */,
			);
			path = Session1;
			sourceTree = "<group>";
		};
/* End PBXGroup section */

/* Begin PBXNativeTarget section */
		50DFC6E21DCE5505008898B0 /* Session1 */ = {
			isa = PBXNativeTarget;
			buildConfigurationList = 50DFC6FB1DCE5509008898B0 /* Build configuration list for PBXNativeTarget "Session1" */;
			buildPhases = (
				50DFC6DF1DCE5505008898B0 /* Sources */,
				50DFC6E01DCE5505008898B0 /* Frameworks */,
				50DFC6E11DCE5505008898B0 /* Resources */,
			);
			buildRules = (
			);
			dependencies = (
			);
			name = Session1;
			productName = Session1;
			productReference = 50DFC6E31DCE5506008898B0 /* Session1.app */;
			productType = "com.apple.product-type.application";
		};
/* End PBXNativeTarget section */

/* Begin PBXProject section */
		50DFC6DB1DCE5505008898B0 /* Project object */ = {
			isa = PBXProject;
			attributes = {
				LastSwiftUpdateCheck = 0810;
				LastUpgradeCheck = 0810;
				ORGANIZATIONNAME = Developer;
				TargetAttributes = {
					50DFC6E21DCE5505008898B0 = {
						CreatedOnToolsVersion = 8.1;
						DevelopmentTeam = A45AVBPAYP;
						ProvisioningStyle = Automatic;
					};
				};
			};
			buildConfigurationList = 50DFC6DE1DCE5505008898B0 /* Build configuration list for PBXProject "Session1" */;
			compatibilityVersion = "Xcode 3.2";
			developmentRegion = English;
			hasScannedForEncodings = 0;
			knownRegions = (
				en,
				Base,
			);
			mainGroup = 50DFC6DA1DCE5505008898B0;
			productRefGroup = 50DFC6E41DCE5506008898B0 /* Products */;
			projectDirPath = "";
			projectRoot = "";
			targets = (
				50DFC6E21DCE5505008898B0 /* Session1 */,
			);
		};
/* End PBXProject section */

/* Begin PBXResourcesBuildPhase section */
		50DFC6E11DCE5505008898B0 /* Resources */ = {
			isa = PBXResourcesBuildPhase;
			buildActionMask = 2147483647;
			files = (
				50F585CC1DD4F97200649E8C /* GameoverScene.sks in Resources */,
				50B20ED11DD22575000836C7 /* player_image in Resources */,
				5045DBFA1DCE5ABE00AAB5CE /* GameScene.sks in Resources */,
				50DFC6F21DCE5508008898B0 /* Main.storyboard in Resources */,
				509A92E81DE0517200B803E6 /* background.mp3 in Resources */,
				504AA3221DD61F4D006C337E /* Fire.sks in Resources */,
				50DFC6F41DCE5508008898B0 /* Assets.xcassets in Resources */,
				50DFC6F71DCE5508008898B0 /* LaunchScreen.storyboard in Resources */,
			);
			runOnlyForDeploymentPostprocessing = 0;
		};
/* End PBXResourcesBuildPhase section */

/* Begin PBXSourcesBuildPhase section */
		50DFC6DF1DCE5505008898B0 /* Sources */ = {
			isa = PBXSourcesBuildPhase;
			buildActionMask = 2147483647;
			files = (
				50568B181DE02A1300B05510 /* CanTargetPlayer.swift in Sources */,
				50A2B54B1DDAA3990061B436 /* BoosterController.swift in Sources */,
				50568B0B1DDF78BC00B05510 /* Shootable.swift in Sources */,
				50F585C41DD4F01800649E8C /* EnemyBulletController.swift in Sources */,
				504BE2F51DD5699800D8BD3E /* EnemyDiagonalBulletController.swift in Sources */,
				504BE2FA1DD579A700D8BD3E /* PlayerController.swift in Sources */,
				50D123D41DD7286A000B423F /* EnemyAnimatedController.swift in Sources */,
				50568B161DDF8F8300B05510 /* GiftPlaneController.swift in Sources */,
				50568B0D1DDF790300B05510 /* Configurable.swift in Sources */,
				50DFC6ED1DCE5507008898B0 /* GameScene.swift in Sources */,
				50A2B54D1DDAA47F0061B436 /* PowerupController.swift in Sources */,
				50DFC6EF1DCE5507008898B0 /* GameViewController.swift in Sources */,
				504BE2FC1DD579E600D8BD3E /* PlaneController.swift in Sources */,
				505FF9BB1DD76E050008B13A /* Controller.swift in Sources */,
				50DFC6E71DCE5506008898B0 /* AppDelegate.swift in Sources */,
				5005A1C41DD4BFF2006FBDD6 /* PlayerBulletController.swift in Sources */,
				50B097551DD84F5100BE16D5 /* RandomEnemyGenerator.swift in Sources */,
				505FF9BE1DD780620008B13A /* SoundController.swift in Sources */,
				50568B111DDF7F2000B05510 /* Animated.swift in Sources */,
				50F585CA1DD4F56700649E8C /* GameoverScene.swift in Sources */,
				50D123D01DD71460000B423F /* EnemyDiagonalController.swift in Sources */,
				5025E4811DDAD0EC00D2CA0E /* PlayerMultipleBulletsController.swift in Sources */,
				5005A1C11DD4A859006FBDD6 /* Utils.swift in Sources */,
				504AA3241DD624B8006C337E /* ExplosionController.swift in Sources */,
				50568B141DDF8D5300B05510 /* LivesUpController.swift in Sources */,
				504BE2FE1DD5824800D8BD3E /* EnemyController.swift in Sources */,
				50F585C21DD4E2BE00649E8C /* BulletController.swift in Sources */,
				504BE2F81DD5757300D8BD3E /* View.swift in Sources */,
				50568B091DDF78A000B05510 /* Flyable.swift in Sources */,
				506FF5871DD4C54200D1BA12 /* Constants.swift in Sources */,
				50B097531DD8357E00BE16D5 /* OnContact.swift in Sources */,
			);
			runOnlyForDeploymentPostprocessing = 0;
		};
/* End PBXSourcesBuildPhase section */

/* Begin PBXVariantGroup section */
		50DFC6F01DCE5508008898B0 /* Main.storyboard */ = {
			isa = PBXVariantGroup;
			children = (
				50DFC6F11DCE5508008898B0 /* Base */,
			);
			name = Main.storyboard;
			sourceTree = "<group>";
		};
		50DFC6F51DCE5508008898B0 /* LaunchScreen.storyboard */ = {
			isa = PBXVariantGroup;
			children = (
				50DFC6F61DCE5508008898B0 /* Base */,
			);
			name = LaunchScreen.storyboard;
			sourceTree = "<group>";
		};
/* End PBXVariantGroup section */

/* Begin XCBuildConfiguration section */
		50DFC6F91DCE5509008898B0 /* Debug */ = {
			isa = XCBuildConfiguration;
			buildSettings = {
				ALWAYS_SEARCH_USER_PATHS = NO;
				CLANG_ANALYZER_NONNULL = YES;
				CLANG_CXX_LANGUAGE_STANDARD = "gnu++0x";
				CLANG_CXX_LIBRARY = "libc++";
				CLANG_ENABLE_MODULES = YES;
				CLANG_ENABLE_OBJC_ARC = YES;
				CLANG_WARN_BOOL_CONVERSION = YES;
				CLANG_WARN_CONSTANT_CONVERSION = YES;
				CLANG_WARN_DIRECT_OBJC_ISA_USAGE = YES_ERROR;
				CLANG_WARN_DOCUMENTATION_COMMENTS = YES;
				CLANG_WARN_EMPTY_BODY = YES;
				CLANG_WARN_ENUM_CONVERSION = YES;
				CLANG_WARN_INFINITE_RECURSION = YES;
				CLANG_WARN_INT_CONVERSION = YES;
				CLANG_WARN_OBJC_ROOT_CLASS = YES_ERROR;
				CLANG_WARN_SUSPICIOUS_MOVES = YES;
				CLANG_WARN_UNREACHABLE_CODE = YES;
				CLANG_WARN__DUPLICATE_METHOD_MATCH = YES;
				"CODE_SIGN_IDENTITY[sdk=iphoneos*]" = "iPhone Developer";
				COPY_PHASE_STRIP = NO;
				DEBUG_INFORMATION_FORMAT = dwarf;
				ENABLE_STRICT_OBJC_MSGSEND = YES;
				ENABLE_TESTABILITY = YES;
				GCC_C_LANGUAGE_STANDARD = gnu99;
				GCC_DYNAMIC_NO_PIC = NO;
				GCC_NO_COMMON_BLOCKS = YES;
				GCC_OPTIMIZATION_LEVEL = 0;
				GCC_PREPROCESSOR_DEFINITIONS = (
					"DEBUG=1",
					"$(inherited)",
				);
				GCC_WARN_64_TO_32_BIT_CONVERSION = YES;
				GCC_WARN_ABOUT_RETURN_TYPE = YES_ERROR;
				GCC_WARN_UNDECLARED_SELECTOR = YES;
				GCC_WARN_UNINITIALIZED_AUTOS = YES_AGGRESSIVE;
				GCC_WARN_UNUSED_FUNCTION = YES;
				GCC_WARN_UNUSED_VARIABLE = YES;
				IPHONEOS_DEPLOYMENT_TARGET = 10.1;
				MTL_ENABLE_DEBUG_INFO = YES;
				ONLY_ACTIVE_ARCH = YES;
				SDKROOT = iphoneos;
				SWIFT_ACTIVE_COMPILATION_CONDITIONS = DEBUG;
				SWIFT_OPTIMIZATION_LEVEL = "-Onone";
				TARGETED_DEVICE_FAMILY = "1,2";
			};
			name = Debug;
		};
		50DFC6FA1DCE5509008898B0 /* Release */ = {
			isa = XCBuildConfiguration;
			buildSettings = {
				ALWAYS_SEARCH_USER_PATHS = NO;
				CLANG_ANALYZER_NONNULL = YES;
				CLANG_CXX_LANGUAGE_STANDARD = "gnu++0x";
				CLANG_CXX_LIBRARY = "libc++";
				CLANG_ENABLE_MODULES = YES;
				CLANG_ENABLE_OBJC_ARC = YES;
				CLANG_WARN_BOOL_CONVERSION = YES;
				CLANG_WARN_CONSTANT_CONVERSION = YES;
				CLANG_WARN_DIRECT_OBJC_ISA_USAGE = YES_ERROR;
				CLANG_WARN_DOCUMENTATION_COMMENTS = YES;
				CLANG_WARN_EMPTY_BODY = YES;
				CLANG_WARN_ENUM_CONVERSION = YES;
				CLANG_WARN_INFINITE_RECURSION = YES;
				CLANG_WARN_INT_CONVERSION = YES;
				CLANG_WARN_OBJC_ROOT_CLASS = YES_ERROR;
				CLANG_WARN_SUSPICIOUS_MOVES = YES;
				CLANG_WARN_UNREACHABLE_CODE = YES;
				CLANG_WARN__DUPLICATE_METHOD_MATCH = YES;
				"CODE_SIGN_IDENTITY[sdk=iphoneos*]" = "iPhone Developer";
				COPY_PHASE_STRIP = NO;
				DEBUG_INFORMATION_FORMAT = "dwarf-with-dsym";
				ENABLE_NS_ASSERTIONS = NO;
				ENABLE_STRICT_OBJC_MSGSEND = YES;
				GCC_C_LANGUAGE_STANDARD = gnu99;
				GCC_NO_COMMON_BLOCKS = YES;
				GCC_WARN_64_TO_32_BIT_CONVERSION = YES;
				GCC_WARN_ABOUT_RETURN_TYPE = YES_ERROR;
				GCC_WARN_UNDECLARED_SELECTOR = YES;
				GCC_WARN_UNINITIALIZED_AUTOS = YES_AGGRESSIVE;
				GCC_WARN_UNUSED_FUNCTION = YES;
				GCC_WARN_UNUSED_VARIABLE = YES;
				IPHONEOS_DEPLOYMENT_TARGET = 10.1;
				MTL_ENABLE_DEBUG_INFO = NO;
				SDKROOT = iphoneos;
				SWIFT_OPTIMIZATION_LEVEL = "-Owholemodule";
				TARGETED_DEVICE_FAMILY = "1,2";
				VALIDATE_PRODUCT = YES;
			};
			name = Release;
		};
		50DFC6FC1DCE5509008898B0 /* Debug */ = {
			isa = XCBuildConfiguration;
			buildSettings = {
				ASSETCATALOG_COMPILER_APPICON_NAME = AppIcon;
				DEVELOPMENT_TEAM = A45AVBPAYP;
				INFOPLIST_FILE = Session1/Info.plist;
				IPHONEOS_DEPLOYMENT_TARGET = 8;
				LD_RUNPATH_SEARCH_PATHS = "$(inherited) @executable_path/Frameworks";
				PRODUCT_BUNDLE_IDENTIFIER = com.duyanh2912.Session1;
				PRODUCT_NAME = "$(TARGET_NAME)";
				SWIFT_VERSION = 3.0;
				TARGETED_DEVICE_FAMILY = "1,2";
			};
			name = Debug;
		};
		50DFC6FD1DCE5509008898B0 /* Release */ = {
			isa = XCBuildConfiguration;
			buildSettings = {
				ASSETCATALOG_COMPILER_APPICON_NAME = AppIcon;
				DEVELOPMENT_TEAM = A45AVBPAYP;
				INFOPLIST_FILE = Session1/Info.plist;
				IPHONEOS_DEPLOYMENT_TARGET = 8;
				LD_RUNPATH_SEARCH_PATHS = "$(inherited) @executable_path/Frameworks";
				PRODUCT_BUNDLE_IDENTIFIER = com.duyanh2912.Session1;
				PRODUCT_NAME = "$(TARGET_NAME)";
				SWIFT_VERSION = 3.0;
				TARGETED_DEVICE_FAMILY = "1,2";
			};
			name = Release;
		};
/* End XCBuildConfiguration section */

/* Begin XCConfigurationList section */
		50DFC6DE1DCE5505008898B0 /* Build configuration list for PBXProject "Session1" */ = {
			isa = XCConfigurationList;
			buildConfigurations = (
				50DFC6F91DCE5509008898B0 /* Debug */,
				50DFC6FA1DCE5509008898B0 /* Release */,
			);
			defaultConfigurationIsVisible = 0;
			defaultConfigurationName = Release;
		};
		50DFC6FB1DCE5509008898B0 /* Build configuration list for PBXNativeTarget "Session1" */ = {
			isa = XCConfigurationList;
			buildConfigurations = (
				50DFC6FC1DCE5509008898B0 /* Debug */,
				50DFC6FD1DCE5509008898B0 /* Release */,
			);
			defaultConfigurationIsVisible = 0;
			defaultConfigurationName = Release;
		};
/* End XCConfigurationList section */
	};
	rootObject = 50DFC6DB1DCE5505008898B0 /* Project object */;
}
